
Microsoft Visual Studio Solution File, Format Version 12.00
# Visual Studio Version 17
VisualStudioVersion = 17.0.32126.317
MinimumVisualStudioVersion = 10.0.40219.1
Project("{FAE04EC0-301F-11D3-BF4B-00C04F79EFBC}") = "02.17 Friday Homework", "02.17 Friday Homework.csproj", "{A1C80B63-442C-4E01-96D4-20A434E3E2DD}"
EndProject
Global
	GlobalSection(SolutionConfigurationPlatforms) = preSolution
		Debug|Any CPU = Debug|Any CPU
		Release|Any CPU = Release|Any CPU
	EndGlobalSection
	GlobalSection(ProjectConfigurationPlatforms) = postSolution
		{A1C80B63-442C-4E01-96D4-20A434E3E2DD}.Debug|Any CPU.ActiveCfg = Debug|Any CPU
		{A1C80B63-442C-4E01-96D4-20A434E3E2DD}.Debug|Any CPU.Build.0 = Debug|Any CPU
		{A1C80B63-442C-4E01-96D4-20A434E3E2DD}.Release|Any CPU.ActiveCfg = Release|Any CPU
		{A1C80B63-442C-4E01-96D4-20A434E3E2DD}.Release|Any CPU.Build.0 = Release|Any CPU
	EndGlobalSection
	GlobalSection(SolutionProperties) = preSolution
		HideSolutionNode = FALSE
	EndGlobalSection
	GlobalSection(ExtensibilityGlobals) = postSolution
		SolutionGuid = {FB97CEEE-A000-40EE-8FB2-87A20FE7B288}
	EndGlobalSection
EndGlobal
