
Microsoft Visual Studio Solution File, Format Version 12.00
# Visual Studio Version 17
VisualStudioVersion = 17.0.32126.317
MinimumVisualStudioVersion = 10.0.40219.1
Project("{FAE04EC0-301F-11D3-BF4B-00C04F79EFBC}") = "project 02.03", "project 02.03.csproj", "{18F6700B-F0AD-47DF-A078-9CEB0C1D7930}"
EndProject
Global
	GlobalSection(SolutionConfigurationPlatforms) = preSolution
		Debug|Any CPU = Debug|Any CPU
		Release|Any CPU = Release|Any CPU
	EndGlobalSection
	GlobalSection(ProjectConfigurationPlatforms) = postSolution
		{18F6700B-F0AD-47DF-A078-9CEB0C1D7930}.Debug|Any CPU.ActiveCfg = Debug|Any CPU
		{18F6700B-F0AD-47DF-A078-9CEB0C1D7930}.Debug|Any CPU.Build.0 = Debug|Any CPU
		{18F6700B-F0AD-47DF-A078-9CEB0C1D7930}.Release|Any CPU.ActiveCfg = Release|Any CPU
		{18F6700B-F0AD-47DF-A078-9CEB0C1D7930}.Release|Any CPU.Build.0 = Release|Any CPU
	EndGlobalSection
	GlobalSection(SolutionProperties) = preSolution
		HideSolutionNode = FALSE
	EndGlobalSection
	GlobalSection(ExtensibilityGlobals) = postSolution
		SolutionGuid = {7CA18D92-8070-4E19-9ACE-C6EB6706DF26}
	EndGlobalSection
EndGlobal
